
Microsoft Visual Studio Solution File, Format Version 12.00
# Visual Studio Version 17
VisualStudioVersion = 17.9.34728.123
MinimumVisualStudioVersion = 10.0.40219.1
Project("{FAE04EC0-301F-11D3-BF4B-00C04F79EFBC}") = "Delirium", "Delirium.csproj", "{2A701C85-3570-445F-AC7D-4C2B7F4F3410}"
EndProject
Global
	GlobalSection(SolutionConfigurationPlatforms) = preSolution
		Debug|Any CPU = Debug|Any CPU
		Release|Any CPU = Release|Any CPU
	EndGlobalSection
	GlobalSection(ProjectConfigurationPlatforms) = postSolution
		{2A701C85-3570-445F-AC7D-4C2B7F4F3410}.Debug|Any CPU.ActiveCfg = Debug|Any CPU
		{2A701C85-3570-445F-AC7D-4C2B7F4F3410}.Debug|Any CPU.Build.0 = Debug|Any CPU
		{2A701C85-3570-445F-AC7D-4C2B7F4F3410}.Release|Any CPU.ActiveCfg = Release|Any CPU
		{2A701C85-3570-445F-AC7D-4C2B7F4F3410}.Release|Any CPU.Build.0 = Release|Any CPU
	EndGlobalSection
	GlobalSection(SolutionProperties) = preSolution
		HideSolutionNode = FALSE
	EndGlobalSection
	GlobalSection(ExtensibilityGlobals) = postSolution
		SolutionGuid = {CD496296-E017-4C56-8CBA-262093DCECC9}
	EndGlobalSection
EndGlobal
